// !$*UTF8*$!
{
	archiveVersion = 1;
	classes = {
	};
	objectVersion = 56;
	objects = {

/* Begin PBXBuildFile section */
		3E446BB02B54952C00B57983 /* MealModels.swift in Sources */ = {isa = PBXBuildFile; fileRef = 3E446BAF2B54952C00B57983 /* MealModels.swift */; };
		3E446BB32B5495C400B57983 /* MealService.swift in Sources */ = {isa = PBXBuildFile; fileRef = 3E446BB22B5495C400B57983 /* MealService.swift */; };
		3E446BB52B54A7C700B57983 /* MealListViewModel.swift in Sources */ = {isa = PBXBuildFile; fileRef = 3E446BB42B54A7C700B57983 /* MealListViewModel.swift */; };
		3E446BB92B54DF4700B57983 /* MealDetailsViewModel.swift in Sources */ = {isa = PBXBuildFile; fileRef = 3E446BB82B54DF4700B57983 /* MealDetailsViewModel.swift */; };
		3E446BBB2B54DF9500B57983 /* MealDetailsView.swift in Sources */ = {isa = PBXBuildFile; fileRef = 3E446BBA2B54DF9500B57983 /* MealDetailsView.swift */; };
		3E87B7FD2B548CEF00FD9FED /* FetchChallengeApp.swift in Sources */ = {isa = PBXBuildFile; fileRef = 3E87B7FC2B548CEF00FD9FED /* FetchChallengeApp.swift */; };
		3E87B7FF2B548CEF00FD9FED /* MealListView.swift in Sources */ = {isa = PBXBuildFile; fileRef = 3E87B7FE2B548CEF00FD9FED /* MealListView.swift */; };
		3E87B8012B548CF200FD9FED /* Assets.xcassets in Resources */ = {isa = PBXBuildFile; fileRef = 3E87B8002B548CF200FD9FED /* Assets.xcassets */; };
		3E87B8042B548CF200FD9FED /* Preview Assets.xcassets in Resources */ = {isa = PBXBuildFile; fileRef = 3E87B8032B548CF200FD9FED /* Preview Assets.xcassets */; };
		3E87B80E2B548CF300FD9FED /* FetchChallengeTests.swift in Sources */ = {isa = PBXBuildFile; fileRef = 3E87B80D2B548CF300FD9FED /* FetchChallengeTests.swift */; };
		3E87B8182B548CF300FD9FED /* FetchChallengeUITests.swift in Sources */ = {isa = PBXBuildFile; fileRef = 3E87B8172B548CF300FD9FED /* FetchChallengeUITests.swift */; };
		3E87B81A2B548CF300FD9FED /* FetchChallengeUITestsLaunchTests.swift in Sources */ = {isa = PBXBuildFile; fileRef = 3E87B8192B548CF300FD9FED /* FetchChallengeUITestsLaunchTests.swift */; };
/* End PBXBuildFile section */

/* Begin PBXContainerItemProxy section */
		3E87B80A2B548CF200FD9FED /* PBXContainerItemProxy */ = {
			isa = PBXContainerItemProxy;
			containerPortal = 3E87B7F12B548CEF00FD9FED /* Project object */;
			proxyType = 1;
			remoteGlobalIDString = 3E87B7F82B548CEF00FD9FED;
			remoteInfo = FetchChallenge;
		};
		3E87B8142B548CF300FD9FED /* PBXContainerItemProxy */ = {
			isa = PBXContainerItemProxy;
			containerPortal = 3E87B7F12B548CEF00FD9FED /* Project object */;
			proxyType = 1;
			remoteGlobalIDString = 3E87B7F82B548CEF00FD9FED;
			remoteInfo = FetchChallenge;
		};
/* End PBXContainerItemProxy section */

/* Begin PBXFileReference section */
		3E446BAF2B54952C00B57983 /* MealModels.swift */ = {isa = PBXFileReference; lastKnownFileType = sourcecode.swift; path = MealModels.swift; sourceTree = "<group>"; };
		3E446BB22B5495C400B57983 /* MealService.swift */ = {isa = PBXFileReference; lastKnownFileType = sourcecode.swift; path = MealService.swift; sourceTree = "<group>"; };
		3E446BB42B54A7C700B57983 /* MealListViewModel.swift */ = {isa = PBXFileReference; lastKnownFileType = sourcecode.swift; path = MealListViewModel.swift; sourceTree = "<group>"; };
		3E446BB82B54DF4700B57983 /* MealDetailsViewModel.swift */ = {isa = PBXFileReference; lastKnownFileType = sourcecode.swift; path = MealDetailsViewModel.swift; sourceTree = "<group>"; };
		3E446BBA2B54DF9500B57983 /* MealDetailsView.swift */ = {isa = PBXFileReference; lastKnownFileType = sourcecode.swift; path = MealDetailsView.swift; sourceTree = "<group>"; };
		3E87B7F92B548CEF00FD9FED /* FetchChallenge.app */ = {isa = PBXFileReference; explicitFileType = wrapper.application; includeInIndex = 0; path = FetchChallenge.app; sourceTree = BUILT_PRODUCTS_DIR; };
		3E87B7FC2B548CEF00FD9FED /* FetchChallengeApp.swift */ = {isa = PBXFileReference; lastKnownFileType = sourcecode.swift; path = FetchChallengeApp.swift; sourceTree = "<group>"; };
		3E87B7FE2B548CEF00FD9FED /* MealListView.swift */ = {isa = PBXFileReference; lastKnownFileType = sourcecode.swift; path = MealListView.swift; sourceTree = "<group>"; };
		3E87B8002B548CF200FD9FED /* Assets.xcassets */ = {isa = PBXFileReference; lastKnownFileType = folder.assetcatalog; path = Assets.xcassets; sourceTree = "<group>"; };
		3E87B8032B548CF200FD9FED /* Preview Assets.xcassets */ = {isa = PBXFileReference; lastKnownFileType = folder.assetcatalog; path = "Preview Assets.xcassets"; sourceTree = "<group>"; };
		3E87B8092B548CF200FD9FED /* FetchChallengeTests.xctest */ = {isa = PBXFileReference; explicitFileType = wrapper.cfbundle; includeInIndex = 0; path = FetchChallengeTests.xctest; sourceTree = BUILT_PRODUCTS_DIR; };
		3E87B80D2B548CF300FD9FED /* FetchChallengeTests.swift */ = {isa = PBXFileReference; lastKnownFileType = sourcecode.swift; path = FetchChallengeTests.swift; sourceTree = "<group>"; };
		3E87B8132B548CF300FD9FED /* FetchChallengeUITests.xctest */ = {isa = PBXFileReference; explicitFileType = wrapper.cfbundle; includeInIndex = 0; path = FetchChallengeUITests.xctest; sourceTree = BUILT_PRODUCTS_DIR; };
		3E87B8172B548CF300FD9FED /* FetchChallengeUITests.swift */ = {isa = PBXFileReference; lastKnownFileType = sourcecode.swift; path = FetchChallengeUITests.swift; sourceTree = "<group>"; };
		3E87B8192B548CF300FD9FED /* FetchChallengeUITestsLaunchTests.swift */ = {isa = PBXFileReference; lastKnownFileType = sourcecode.swift; path = FetchChallengeUITestsLaunchTests.swift; sourceTree = "<group>"; };
/* End PBXFileReference section */

/* Begin PBXFrameworksBuildPhase section */
		3E87B7F62B548CEF00FD9FED /* Frameworks */ = {
			isa = PBXFrameworksBuildPhase;
			buildActionMask = 2147483647;
			files = (
			);
			runOnlyForDeploymentPostprocessing = 0;
		};
		3E87B8062B548CF200FD9FED /* Frameworks */ = {
			isa = PBXFrameworksBuildPhase;
			buildActionMask = 2147483647;
			files = (
			);
			runOnlyForDeploymentPostprocessing = 0;
		};
		3E87B8102B548CF300FD9FED /* Frameworks */ = {
			isa = PBXFrameworksBuildPhase;
			buildActionMask = 2147483647;
			files = (
			);
			runOnlyForDeploymentPostprocessing = 0;
		};
/* End PBXFrameworksBuildPhase section */

/* Begin PBXGroup section */
		3E446BB62B54DF1800B57983 /* Views */ = {
			isa = PBXGroup;
			children = (
				3E87B7FE2B548CEF00FD9FED /* MealListView.swift */,
				3E446BBA2B54DF9500B57983 /* MealDetailsView.swift */,
			);
			path = Views;
			sourceTree = "<group>";
		};
		3E446BB72B54DF1E00B57983 /* ViewModels */ = {
			isa = PBXGroup;
			children = (
				3E446BB42B54A7C700B57983 /* MealListViewModel.swift */,
				3E446BB82B54DF4700B57983 /* MealDetailsViewModel.swift */,
			);
			path = ViewModels;
			sourceTree = "<group>";
		};
		3E446BBC2B562C8600B57983 /* Models */ = {
			isa = PBXGroup;
			children = (
				3E446BAF2B54952C00B57983 /* MealModels.swift */,
			);
			path = Models;
			sourceTree = "<group>";
		};
		3E446BBD2B562C9100B57983 /* Services */ = {
			isa = PBXGroup;
			children = (
				3E446BB22B5495C400B57983 /* MealService.swift */,
			);
			path = Services;
			sourceTree = "<group>";
		};
		3E87B7F02B548CEF00FD9FED = {
			isa = PBXGroup;
			children = (
				3E87B7FB2B548CEF00FD9FED /* FetchChallenge */,
				3E87B80C2B548CF300FD9FED /* FetchChallengeTests */,
				3E87B8162B548CF300FD9FED /* FetchChallengeUITests */,
				3E87B7FA2B548CEF00FD9FED /* Products */,
			);
			sourceTree = "<group>";
		};
		3E87B7FA2B548CEF00FD9FED /* Products */ = {
			isa = PBXGroup;
			children = (
				3E87B7F92B548CEF00FD9FED /* FetchChallenge.app */,
				3E87B8092B548CF200FD9FED /* FetchChallengeTests.xctest */,
				3E87B8132B548CF300FD9FED /* FetchChallengeUITests.xctest */,
			);
			name = Products;
			sourceTree = "<group>";
		};
		3E87B7FB2B548CEF00FD9FED /* FetchChallenge */ = {
			isa = PBXGroup;
			children = (
				3E446BBC2B562C8600B57983 /* Models */,
				3E446BBD2B562C9100B57983 /* Services */,
				3E446BB62B54DF1800B57983 /* Views */,
				3E446BB72B54DF1E00B57983 /* ViewModels */,
				3E87B7FC2B548CEF00FD9FED /* FetchChallengeApp.swift */,
				3E87B8002B548CF200FD9FED /* Assets.xcassets */,
				3E87B8022B548CF200FD9FED /* Preview Content */,
			);
			path = FetchChallenge;
			sourceTree = "<group>";
		};
		3E87B8022B548CF200FD9FED /* Preview Content */ = {
			isa = PBXGroup;
			children = (
				3E87B8032B548CF200FD9FED /* Preview Assets.xcassets */,
			);
			path = "Preview Content";
			sourceTree = "<group>";
		};
		3E87B80C2B548CF300FD9FED /* FetchChallengeTests */ = {
			isa = PBXGroup;
			children = (
				3E87B80D2B548CF300FD9FED /* FetchChallengeTests.swift */,
			);
			path = FetchChallengeTests;
			sourceTree = "<group>";
		};
		3E87B8162B548CF300FD9FED /* FetchChallengeUITests */ = {
			isa = PBXGroup;
			children = (
				3E87B8172B548CF300FD9FED /* FetchChallengeUITests.swift */,
				3E87B8192B548CF300FD9FED /* FetchChallengeUITestsLaunchTests.swift */,
			);
			path = FetchChallengeUITests;
			sourceTree = "<group>";
		};
/* End PBXGroup section */

/* Begin PBXNativeTarget section */
		3E87B7F82B548CEF00FD9FED /* FetchChallenge */ = {
			isa = PBXNativeTarget;
			buildConfigurationList = 3E87B81D2B548CF300FD9FED /* Build configuration list for PBXNativeTarget "FetchChallenge" */;
			buildPhases = (
				3E87B7F52B548CEF00FD9FED /* Sources */,
				3E87B7F62B548CEF00FD9FED /* Frameworks */,
				3E87B7F72B548CEF00FD9FED /* Resources */,
			);
			buildRules = (
			);
			dependencies = (
			);
			name = FetchChallenge;
			productName = FetchChallenge;
			productReference = 3E87B7F92B548CEF00FD9FED /* FetchChallenge.app */;
			productType = "com.apple.product-type.application";
		};
		3E87B8082B548CF200FD9FED /* FetchChallengeTests */ = {
			isa = PBXNativeTarget;
			buildConfigurationList = 3E87B8202B548CF300FD9FED /* Build configuration list for PBXNativeTarget "FetchChallengeTests" */;
			buildPhases = (
				3E87B8052B548CF200FD9FED /* Sources */,
				3E87B8062B548CF200FD9FED /* Frameworks */,
				3E87B8072B548CF200FD9FED /* Resources */,
			);
			buildRules = (
			);
			dependencies = (
				3E87B80B2B548CF200FD9FED /* PBXTargetDependency */,
			);
			name = FetchChallengeTests;
			productName = FetchChallengeTests;
			productReference = 3E87B8092B548CF200FD9FED /* FetchChallengeTests.xctest */;
			productType = "com.apple.product-type.bundle.unit-test";
		};
		3E87B8122B548CF300FD9FED /* FetchChallengeUITests */ = {
			isa = PBXNativeTarget;
			buildConfigurationList = 3E87B8232B548CF300FD9FED /* Build configuration list for PBXNativeTarget "FetchChallengeUITests" */;
			buildPhases = (
				3E87B80F2B548CF300FD9FED /* Sources */,
				3E87B8102B548CF300FD9FED /* Frameworks */,
				3E87B8112B548CF300FD9FED /* Resources */,
			);
			buildRules = (
			);
			dependencies = (
				3E87B8152B548CF300FD9FED /* PBXTargetDependency */,
			);
			name = FetchChallengeUITests;
			productName = FetchChallengeUITests;
			productReference = 3E87B8132B548CF300FD9FED /* FetchChallengeUITests.xctest */;
			productType = "com.apple.product-type.bundle.ui-testing";
		};
/* End PBXNativeTarget section */

/* Begin PBXProject section */
		3E87B7F12B548CEF00FD9FED /* Project object */ = {
			isa = PBXProject;
			attributes = {
				BuildIndependentTargetsInParallel = 1;
				LastSwiftUpdateCheck = 1500;
				LastUpgradeCheck = 1500;
				TargetAttributes = {
					3E87B7F82B548CEF00FD9FED = {
						CreatedOnToolsVersion = 15.0.1;
					};
					3E87B8082B548CF200FD9FED = {
						CreatedOnToolsVersion = 15.0.1;
						TestTargetID = 3E87B7F82B548CEF00FD9FED;
					};
					3E87B8122B548CF300FD9FED = {
						CreatedOnToolsVersion = 15.0.1;
						TestTargetID = 3E87B7F82B548CEF00FD9FED;
					};
				};
			};
			buildConfigurationList = 3E87B7F42B548CEF00FD9FED /* Build configuration list for PBXProject "FetchChallenge" */;
			compatibilityVersion = "Xcode 14.0";
			developmentRegion = en;
			hasScannedForEncodings = 0;
			knownRegions = (
				en,
				Base,
			);
			mainGroup = 3E87B7F02B548CEF00FD9FED;
			productRefGroup = 3E87B7FA2B548CEF00FD9FED /* Products */;
			projectDirPath = "";
			projectRoot = "";
			targets = (
				3E87B7F82B548CEF00FD9FED /* FetchChallenge */,
				3E87B8082B548CF200FD9FED /* FetchChallengeTests */,
				3E87B8122B548CF300FD9FED /* FetchChallengeUITests */,
			);
		};
/* End PBXProject section */

/* Begin PBXResourcesBuildPhase section */
		3E87B7F72B548CEF00FD9FED /* Resources */ = {
			isa = PBXResourcesBuildPhase;
			buildActionMask = 2147483647;
			files = (
				3E87B8042B548CF200FD9FED /* Preview Assets.xcassets in Resources */,
				3E87B8012B548CF200FD9FED /* Assets.xcassets in Resources */,
			);
			runOnlyForDeploymentPostprocessing = 0;
		};
		3E87B8072B548CF200FD9FED /* Resources */ = {
			isa = PBXResourcesBuildPhase;
			buildActionMask = 2147483647;
			files = (
			);
			runOnlyForDeploymentPostprocessing = 0;
		};
		3E87B8112B548CF300FD9FED /* Resources */ = {
			isa = PBXResourcesBuildPhase;
			buildActionMask = 2147483647;
			files = (
			);
			runOnlyForDeploymentPostprocessing = 0;
		};
/* End PBXResourcesBuildPhase section */

/* Begin PBXSourcesBuildPhase section */
		3E87B7F52B548CEF00FD9FED /* Sources */ = {
			isa = PBXSourcesBuildPhase;
			buildActionMask = 2147483647;
			files = (
				3E446BB32B5495C400B57983 /* MealService.swift in Sources */,
				3E446BB52B54A7C700B57983 /* MealListViewModel.swift in Sources */,
				3E87B7FF2B548CEF00FD9FED /* MealListView.swift in Sources */,
				3E446BB02B54952C00B57983 /* MealModels.swift in Sources */,
				3E446BB92B54DF4700B57983 /* MealDetailsViewModel.swift in Sources */,
				3E87B7FD2B548CEF00FD9FED /* FetchChallengeApp.swift in Sources */,
				3E446BBB2B54DF9500B57983 /* MealDetailsView.swift in Sources */,
			);
			runOnlyForDeploymentPostprocessing = 0;
		};
		3E87B8052B548CF200FD9FED /* Sources */ = {
			isa = PBXSourcesBuildPhase;
			buildActionMask = 2147483647;
			files = (
				3E87B80E2B548CF300FD9FED /* FetchChallengeTests.swift in Sources */,
			);
			runOnlyForDeploymentPostprocessing = 0;
		};
		3E87B80F2B548CF300FD9FED /* Sources */ = {
			isa = PBXSourcesBuildPhase;
			buildActionMask = 2147483647;
			files = (
				3E87B8182B548CF300FD9FED /* FetchChallengeUITests.swift in Sources */,
				3E87B81A2B548CF300FD9FED /* FetchChallengeUITestsLaunchTests.swift in Sources */,
			);
			runOnlyForDeploymentPostprocessing = 0;
		};
/* End PBXSourcesBuildPhase section */

/* Begin PBXTargetDependency section */
		3E87B80B2B548CF200FD9FED /* PBXTargetDependency */ = {
			isa = PBXTargetDependency;
			target = 3E87B7F82B548CEF00FD9FED /* FetchChallenge */;
			targetProxy = 3E87B80A2B548CF200FD9FED /* PBXContainerItemProxy */;
		};
		3E87B8152B548CF300FD9FED /* PBXTargetDependency */ = {
			isa = PBXTargetDependency;
			target = 3E87B7F82B548CEF00FD9FED /* FetchChallenge */;
			targetProxy = 3E87B8142B548CF300FD9FED /* PBXContainerItemProxy */;
		};
/* End PBXTargetDependency section */

/* Begin XCBuildConfiguration section */
		3E87B81B2B548CF300FD9FED /* Debug */ = {
			isa = XCBuildConfiguration;
			buildSettings = {
				ALWAYS_SEARCH_USER_PATHS = NO;
				ASSETCATALOG_COMPILER_GENERATE_SWIFT_ASSET_SYMBOL_EXTENSIONS = YES;
				CLANG_ANALYZER_NONNULL = YES;
				CLANG_ANALYZER_NUMBER_OBJECT_CONVERSION = YES_AGGRESSIVE;
				CLANG_CXX_LANGUAGE_STANDARD = "gnu++20";
				CLANG_ENABLE_MODULES = YES;
				CLANG_ENABLE_OBJC_ARC = YES;
				CLANG_ENABLE_OBJC_WEAK = YES;
				CLANG_WARN_BLOCK_CAPTURE_AUTORELEASING = YES;
				CLANG_WARN_BOOL_CONVERSION = YES;
				CLANG_WARN_COMMA = YES;
				CLANG_WARN_CONSTANT_CONVERSION = YES;
				CLANG_WARN_DEPRECATED_OBJC_IMPLEMENTATIONS = YES;
				CLANG_WARN_DIRECT_OBJC_ISA_USAGE = YES_ERROR;
				CLANG_WARN_DOCUMENTATION_COMMENTS = YES;
				CLANG_WARN_EMPTY_BODY = YES;
				CLANG_WARN_ENUM_CONVERSION = YES;
				CLANG_WARN_INFINITE_RECURSION = YES;
				CLANG_WARN_INT_CONVERSION = YES;
				CLANG_WARN_NON_LITERAL_NULL_CONVERSION = YES;
				CLANG_WARN_OBJC_IMPLICIT_RETAIN_SELF = YES;
				CLANG_WARN_OBJC_LITERAL_CONVERSION = YES;
				CLANG_WARN_OBJC_ROOT_CLASS = YES_ERROR;
				CLANG_WARN_QUOTED_INCLUDE_IN_FRAMEWORK_HEADER = YES;
				CLANG_WARN_RANGE_LOOP_ANALYSIS = YES;
				CLANG_WARN_STRICT_PROTOTYPES = YES;
				CLANG_WARN_SUSPICIOUS_MOVE = YES;
				CLANG_WARN_UNGUARDED_AVAILABILITY = YES_AGGRESSIVE;
				CLANG_WARN_UNREACHABLE_CODE = YES;
				CLANG_WARN__DUPLICATE_METHOD_MATCH = YES;
				COPY_PHASE_STRIP = NO;
				DEBUG_INFORMATION_FORMAT = dwarf;
				ENABLE_STRICT_OBJC_MSGSEND = YES;
				ENABLE_TESTABILITY = YES;
				ENABLE_USER_SCRIPT_SANDBOXING = YES;
				GCC_C_LANGUAGE_STANDARD = gnu17;
				GCC_DYNAMIC_NO_PIC = NO;
				GCC_NO_COMMON_BLOCKS = YES;
				GCC_OPTIMIZATION_LEVEL = 0;
				GCC_PREPROCESSOR_DEFINITIONS = (
					"DEBUG=1",
					"$(inherited)",
				);
				GCC_WARN_64_TO_32_BIT_CONVERSION = YES;
				GCC_WARN_ABOUT_RETURN_TYPE = YES_ERROR;
				GCC_WARN_UNDECLARED_SELECTOR = YES;
				GCC_WARN_UNINITIALIZED_AUTOS = YES_AGGRESSIVE;
				GCC_WARN_UNUSED_FUNCTION = YES;
				GCC_WARN_UNUSED_VARIABLE = YES;
				IPHONEOS_DEPLOYMENT_TARGET = 17.0;
				LOCALIZATION_PREFERS_STRING_CATALOGS = YES;
				MTL_ENABLE_DEBUG_INFO = INCLUDE_SOURCE;
				MTL_FAST_MATH = YES;
				ONLY_ACTIVE_ARCH = YES;
				SDKROOT = iphoneos;
				SWIFT_ACTIVE_COMPILATION_CONDITIONS = "DEBUG $(inherited)";
				SWIFT_OPTIMIZATION_LEVEL = "-Onone";
			};
			name = Debug;
		};
		3E87B81C2B548CF300FD9FED /* Release */ = {
			isa = XCBuildConfiguration;
			buildSettings = {
				ALWAYS_SEARCH_USER_PATHS = NO;
				ASSETCATALOG_COMPILER_GENERATE_SWIFT_ASSET_SYMBOL_EXTENSIONS = YES;
				CLANG_ANALYZER_NONNULL = YES;
				CLANG_ANALYZER_NUMBER_OBJECT_CONVERSION = YES_AGGRESSIVE;
				CLANG_CXX_LANGUAGE_STANDARD = "gnu++20";
				CLANG_ENABLE_MODULES = YES;
				CLANG_ENABLE_OBJC_ARC = YES;
				CLANG_ENABLE_OBJC_WEAK = YES;
				CLANG_WARN_BLOCK_CAPTURE_AUTORELEASING = YES;
				CLANG_WARN_BOOL_CONVERSION = YES;
				CLANG_WARN_COMMA = YES;
				CLANG_WARN_CONSTANT_CONVERSION = YES;
				CLANG_WARN_DEPRECATED_OBJC_IMPLEMENTATIONS = YES;
				CLANG_WARN_DIRECT_OBJC_ISA_USAGE = YES_ERROR;
				CLANG_WARN_DOCUMENTATION_COMMENTS = YES;
				CLANG_WARN_EMPTY_BODY = YES;
				CLANG_WARN_ENUM_CONVERSION = YES;
				CLANG_WARN_INFINITE_RECURSION = YES;
				CLANG_WARN_INT_CONVERSION = YES;
				CLANG_WARN_NON_LITERAL_NULL_CONVERSION = YES;
				CLANG_WARN_OBJC_IMPLICIT_RETAIN_SELF = YES;
				CLANG_WARN_OBJC_LITERAL_CONVERSION = YES;
				CLANG_WARN_OBJC_ROOT_CLASS = YES_ERROR;
				CLANG_WARN_QUOTED_INCLUDE_IN_FRAMEWORK_HEADER = YES;
				CLANG_WARN_RANGE_LOOP_ANALYSIS = YES;
				CLANG_WARN_STRICT_PROTOTYPES = YES;
				CLANG_WARN_SUSPICIOUS_MOVE = YES;
				CLANG_WARN_UNGUARDED_AVAILABILITY = YES_AGGRESSIVE;
				CLANG_WARN_UNREACHABLE_CODE = YES;
				CLANG_WARN__DUPLICATE_METHOD_MATCH = YES;
				COPY_PHASE_STRIP = NO;
				DEBUG_INFORMATION_FORMAT = "dwarf-with-dsym";
				ENABLE_NS_ASSERTIONS = NO;
				ENABLE_STRICT_OBJC_MSGSEND = YES;
				ENABLE_USER_SCRIPT_SANDBOXING = YES;
				GCC_C_LANGUAGE_STANDARD = gnu17;
				GCC_NO_COMMON_BLOCKS = YES;
				GCC_WARN_64_TO_32_BIT_CONVERSION = YES;
				GCC_WARN_ABOUT_RETURN_TYPE = YES_ERROR;
				GCC_WARN_UNDECLARED_SELECTOR = YES;
				GCC_WARN_UNINITIALIZED_AUTOS = YES_AGGRESSIVE;
				GCC_WARN_UNUSED_FUNCTION = YES;
				GCC_WARN_UNUSED_VARIABLE = YES;
				IPHONEOS_DEPLOYMENT_TARGET = 17.0;
				LOCALIZATION_PREFERS_STRING_CATALOGS = YES;
				MTL_ENABLE_DEBUG_INFO = NO;
				MTL_FAST_MATH = YES;
				SDKROOT = iphoneos;
				SWIFT_COMPILATION_MODE = wholemodule;
				VALIDATE_PRODUCT = YES;
			};
			name = Release;
		};
		3E87B81E2B548CF300FD9FED /* Debug */ = {
			isa = XCBuildConfiguration;
			buildSettings = {
				ASSETCATALOG_COMPILER_APPICON_NAME = AppIcon;
				ASSETCATALOG_COMPILER_GLOBAL_ACCENT_COLOR_NAME = AccentColor;
				CODE_SIGN_STYLE = Automatic;
				CURRENT_PROJECT_VERSION = 1;
				DEVELOPMENT_ASSET_PATHS = "\"FetchChallenge/Preview Content\"";
				DEVELOPMENT_TEAM = DZ4S2T4WQL;
				ENABLE_PREVIEWS = YES;
				GENERATE_INFOPLIST_FILE = YES;
				INFOPLIST_KEY_UIApplicationSceneManifest_Generation = YES;
				INFOPLIST_KEY_UIApplicationSupportsIndirectInputEvents = YES;
				INFOPLIST_KEY_UILaunchScreen_Generation = YES;
				INFOPLIST_KEY_UISupportedInterfaceOrientations_iPad = "UIInterfaceOrientationPortrait UIInterfaceOrientationPortraitUpsideDown UIInterfaceOrientationLandscapeLeft UIInterfaceOrientationLandscapeRight";
				INFOPLIST_KEY_UISupportedInterfaceOrientations_iPhone = "UIInterfaceOrientationPortrait UIInterfaceOrientationLandscapeLeft UIInterfaceOrientationLandscapeRight";
				LD_RUNPATH_SEARCH_PATHS = (
					"$(inherited)",
					"@executable_path/Frameworks",
				);
				MARKETING_VERSION = 1.0;
				PRODUCT_BUNDLE_IDENTIFIER = com.tpledger.FetchChallenge;
				PRODUCT_NAME = "$(TARGET_NAME)";
				SWIFT_EMIT_LOC_STRINGS = YES;
				SWIFT_VERSION = 5.0;
				TARGETED_DEVICE_FAMILY = "1,2";
			};
			name = Debug;
		};
		3E87B81F2B548CF300FD9FED /* Release */ = {
			isa = XCBuildConfiguration;
			buildSettings = {
				ASSETCATALOG_COMPILER_APPICON_NAME = AppIcon;
				ASSETCATALOG_COMPILER_GLOBAL_ACCENT_COLOR_NAME = AccentColor;
				CODE_SIGN_STYLE = Automatic;
				CURRENT_PROJECT_VERSION = 1;
				DEVELOPMENT_ASSET_PATHS = "\"FetchChallenge/Preview Content\"";
				DEVELOPMENT_TEAM = DZ4S2T4WQL;
				ENABLE_PREVIEWS = YES;
				GENERATE_INFOPLIST_FILE = YES;
				INFOPLIST_KEY_UIApplicationSceneManifest_Generation = YES;
				INFOPLIST_KEY_UIApplicationSupportsIndirectInputEvents = YES;
				INFOPLIST_KEY_UILaunchScreen_Generation = YES;
				INFOPLIST_KEY_UISupportedInterfaceOrientations_iPad = "UIInterfaceOrientationPortrait UIInterfaceOrientationPortraitUpsideDown UIInterfaceOrientationLandscapeLeft UIInterfaceOrientationLandscapeRight";
				INFOPLIST_KEY_UISupportedInterfaceOrientations_iPhone = "UIInterfaceOrientationPortrait UIInterfaceOrientationLandscapeLeft UIInterfaceOrientationLandscapeRight";
				LD_RUNPATH_SEARCH_PATHS = (
					"$(inherited)",
					"@executable_path/Frameworks",
				);
				MARKETING_VERSION = 1.0;
				PRODUCT_BUNDLE_IDENTIFIER = com.tpledger.FetchChallenge;
				PRODUCT_NAME = "$(TARGET_NAME)";
				SWIFT_EMIT_LOC_STRINGS = YES;
				SWIFT_VERSION = 5.0;
				TARGETED_DEVICE_FAMILY = "1,2";
			};
			name = Release;
		};
		3E87B8212B548CF300FD9FED /* Debug */ = {
			isa = XCBuildConfiguration;
			buildSettings = {
				ALWAYS_EMBED_SWIFT_STANDARD_LIBRARIES = YES;
				BUNDLE_LOADER = "$(TEST_HOST)";
				CODE_SIGN_STYLE = Automatic;
				CURRENT_PROJECT_VERSION = 1;
				DEVELOPMENT_TEAM = DZ4S2T4WQL;
				GENERATE_INFOPLIST_FILE = YES;
				IPHONEOS_DEPLOYMENT_TARGET = 17.0;
				MARKETING_VERSION = 1.0;
				PRODUCT_BUNDLE_IDENTIFIER = com.tpledger.FetchChallengeTests;
				PRODUCT_NAME = "$(TARGET_NAME)";
				SWIFT_EMIT_LOC_STRINGS = NO;
				SWIFT_VERSION = 5.0;
				TARGETED_DEVICE_FAMILY = "1,2";
				TEST_HOST = "$(BUILT_PRODUCTS_DIR)/FetchChallenge.app/$(BUNDLE_EXECUTABLE_FOLDER_PATH)/FetchChallenge";
			};
			name = Debug;
		};
		3E87B8222B548CF300FD9FED /* Release */ = {
			isa = XCBuildConfiguration;
			buildSettings = {
				ALWAYS_EMBED_SWIFT_STANDARD_LIBRARIES = YES;
				BUNDLE_LOADER = "$(TEST_HOST)";
				CODE_SIGN_STYLE = Automatic;
				CURRENT_PROJECT_VERSION = 1;
				DEVELOPMENT_TEAM = DZ4S2T4WQL;
				GENERATE_INFOPLIST_FILE = YES;
				IPHONEOS_DEPLOYMENT_TARGET = 17.0;
				MARKETING_VERSION = 1.0;
				PRODUCT_BUNDLE_IDENTIFIER = com.tpledger.FetchChallengeTests;
				PRODUCT_NAME = "$(TARGET_NAME)";
				SWIFT_EMIT_LOC_STRINGS = NO;
				SWIFT_VERSION = 5.0;
				TARGETED_DEVICE_FAMILY = "1,2";
				TEST_HOST = "$(BUILT_PRODUCTS_DIR)/FetchChallenge.app/$(BUNDLE_EXECUTABLE_FOLDER_PATH)/FetchChallenge";
			};
			name = Release;
		};
		3E87B8242B548CF300FD9FED /* Debug */ = {
			isa = XCBuildConfiguration;
			buildSettings = {
				ALWAYS_EMBED_SWIFT_STANDARD_LIBRARIES = YES;
				CODE_SIGN_STYLE = Automatic;
				CURRENT_PROJECT_VERSION = 1;
				DEVELOPMENT_TEAM = DZ4S2T4WQL;
				GENERATE_INFOPLIST_FILE = YES;
				MARKETING_VERSION = 1.0;
				PRODUCT_BUNDLE_IDENTIFIER = com.tpledger.FetchChallengeUITests;
				PRODUCT_NAME = "$(TARGET_NAME)";
				SWIFT_EMIT_LOC_STRINGS = NO;
				SWIFT_VERSION = 5.0;
				TARGETED_DEVICE_FAMILY = "1,2";
				TEST_TARGET_NAME = FetchChallenge;
			};
			name = Debug;
		};
		3E87B8252B548CF300FD9FED /* Release */ = {
			isa = XCBuildConfiguration;
			buildSettings = {
				ALWAYS_EMBED_SWIFT_STANDARD_LIBRARIES = YES;
				CODE_SIGN_STYLE = Automatic;
				CURRENT_PROJECT_VERSION = 1;
				DEVELOPMENT_TEAM = DZ4S2T4WQL;
				GENERATE_INFOPLIST_FILE = YES;
				MARKETING_VERSION = 1.0;
				PRODUCT_BUNDLE_IDENTIFIER = com.tpledger.FetchChallengeUITests;
				PRODUCT_NAME = "$(TARGET_NAME)";
				SWIFT_EMIT_LOC_STRINGS = NO;
				SWIFT_VERSION = 5.0;
				TARGETED_DEVICE_FAMILY = "1,2";
				TEST_TARGET_NAME = FetchChallenge;
			};
			name = Release;
		};
/* End XCBuildConfiguration section */

/* Begin XCConfigurationList section */
		3E87B7F42B548CEF00FD9FED /* Build configuration list for PBXProject "FetchChallenge" */ = {
			isa = XCConfigurationList;
			buildConfigurations = (
				3E87B81B2B548CF300FD9FED /* Debug */,
				3E87B81C2B548CF300FD9FED /* Release */,
			);
			defaultConfigurationIsVisible = 0;
			defaultConfigurationName = Release;
		};
		3E87B81D2B548CF300FD9FED /* Build configuration list for PBXNativeTarget "FetchChallenge" */ = {
			isa = XCConfigurationList;
			buildConfigurations = (
				3E87B81E2B548CF300FD9FED /* Debug */,
				3E87B81F2B548CF300FD9FED /* Release */,
			);
			defaultConfigurationIsVisible = 0;
			defaultConfigurationName = Release;
		};
		3E87B8202B548CF300FD9FED /* Build configuration list for PBXNativeTarget "FetchChallengeTests" */ = {
			isa = XCConfigurationList;
			buildConfigurations = (
				3E87B8212B548CF300FD9FED /* Debug */,
				3E87B8222B548CF300FD9FED /* Release */,
			);
			defaultConfigurationIsVisible = 0;
			defaultConfigurationName = Release;
		};
		3E87B8232B548CF300FD9FED /* Build configuration list for PBXNativeTarget "FetchChallengeUITests" */ = {
			isa = XCConfigurationList;
			buildConfigurations = (
				3E87B8242B548CF300FD9FED /* Debug */,
				3E87B8252B548CF300FD9FED /* Release */,
			);
			defaultConfigurationIsVisible = 0;
			defaultConfigurationName = Release;
		};
/* End XCConfigurationList section */
	};
	rootObject = 3E87B7F12B548CEF00FD9FED /* Project object */;
}
